// !$*UTF8*$!
{
	archiveVersion = 1;
	classes = {
	};
	objectVersion = 56;
	objects = {

/* Begin PBXBuildFile section */
		8E773D362A535AD8002CD058 /* CardView.swift in Sources */ = {isa = PBXBuildFile; fileRef = 8E773D352A535AD8002CD058 /* CardView.swift */; };
		8EB5EDD12A52E73E0022FD1A /* betahworldApp.swift in Sources */ = {isa = PBXBuildFile; fileRef = 8EB5EDD02A52E73E0022FD1A /* betahworldApp.swift */; };
		8EB5EDD32A52E73E0022FD1A /* ContentView.swift in Sources */ = {isa = PBXBuildFile; fileRef = 8EB5EDD22A52E73E0022FD1A /* ContentView.swift */; };
		8EB5EDD52A52E73F0022FD1A /* Assets.xcassets in Resources */ = {isa = PBXBuildFile; fileRef = 8EB5EDD42A52E73F0022FD1A /* Assets.xcassets */; };
		8EB5EDD82A52E73F0022FD1A /* Preview Assets.xcassets in Resources */ = {isa = PBXBuildFile; fileRef = 8EB5EDD72A52E73F0022FD1A /* Preview Assets.xcassets */; };
		8EB5EDE12A52FE7B0022FD1A /* RoomsView.swift in Sources */ = {isa = PBXBuildFile; fileRef = 8EB5EDE02A52FE7B0022FD1A /* RoomsView.swift */; };
		8EB5EDE32A52FEDB0022FD1A /* UsersView.swift in Sources */ = {isa = PBXBuildFile; fileRef = 8EB5EDE22A52FEDB0022FD1A /* UsersView.swift */; };
		8EB5EDE52A52FEFE0022FD1A /* ProfileView.swift in Sources */ = {isa = PBXBuildFile; fileRef = 8EB5EDE42A52FEFE0022FD1A /* ProfileView.swift */; };
		8EB5EDE72A52FF310022FD1A /* RoomView.swift in Sources */ = {isa = PBXBuildFile; fileRef = 8EB5EDE62A52FF310022FD1A /* RoomView.swift */; };
		8EB5EDEB2A52FFDB0022FD1A /* Room.swift in Sources */ = {isa = PBXBuildFile; fileRef = 8EB5EDEA2A52FFDB0022FD1A /* Room.swift */; };
/* End PBXBuildFile section */

/* Begin PBXFileReference section */
		8E773D352A535AD8002CD058 /* CardView.swift */ = {isa = PBXFileReference; lastKnownFileType = sourcecode.swift; path = CardView.swift; sourceTree = "<group>"; };
		8EB5EDCD2A52E73E0022FD1A /* betahworld.app */ = {isa = PBXFileReference; explicitFileType = wrapper.application; includeInIndex = 0; path = betahworld.app; sourceTree = BUILT_PRODUCTS_DIR; };
		8EB5EDD02A52E73E0022FD1A /* betahworldApp.swift */ = {isa = PBXFileReference; lastKnownFileType = sourcecode.swift; path = betahworldApp.swift; sourceTree = "<group>"; };
		8EB5EDD22A52E73E0022FD1A /* ContentView.swift */ = {isa = PBXFileReference; lastKnownFileType = sourcecode.swift; path = ContentView.swift; sourceTree = "<group>"; };
		8EB5EDD42A52E73F0022FD1A /* Assets.xcassets */ = {isa = PBXFileReference; lastKnownFileType = folder.assetcatalog; path = Assets.xcassets; sourceTree = "<group>"; };
		8EB5EDD72A52E73F0022FD1A /* Preview Assets.xcassets */ = {isa = PBXFileReference; lastKnownFileType = folder.assetcatalog; path = "Preview Assets.xcassets"; sourceTree = "<group>"; };
		8EB5EDE02A52FE7B0022FD1A /* RoomsView.swift */ = {isa = PBXFileReference; lastKnownFileType = sourcecode.swift; path = RoomsView.swift; sourceTree = "<group>"; };
		8EB5EDE22A52FEDB0022FD1A /* UsersView.swift */ = {isa = PBXFileReference; lastKnownFileType = sourcecode.swift; path = UsersView.swift; sourceTree = "<group>"; };
		8EB5EDE42A52FEFE0022FD1A /* ProfileView.swift */ = {isa = PBXFileReference; lastKnownFileType = sourcecode.swift; path = ProfileView.swift; sourceTree = "<group>"; };
		8EB5EDE62A52FF310022FD1A /* RoomView.swift */ = {isa = PBXFileReference; lastKnownFileType = sourcecode.swift; path = RoomView.swift; sourceTree = "<group>"; };
		8EB5EDEA2A52FFDB0022FD1A /* Room.swift */ = {isa = PBXFileReference; lastKnownFileType = sourcecode.swift; path = Room.swift; sourceTree = "<group>"; };
/* End PBXFileReference section */

/* Begin PBXFrameworksBuildPhase section */
		8EB5EDCA2A52E73E0022FD1A /* Frameworks */ = {
			isa = PBXFrameworksBuildPhase;
			buildActionMask = 2147483647;
			files = (
			);
			runOnlyForDeploymentPostprocessing = 0;
		};
/* End PBXFrameworksBuildPhase section */

/* Begin PBXGroup section */
		8EB5EDC42A52E73E0022FD1A = {
			isa = PBXGroup;
			children = (
				8EB5EDCF2A52E73E0022FD1A /* betahworld */,
				8EB5EDCE2A52E73E0022FD1A /* Products */,
			);
			sourceTree = "<group>";
		};
		8EB5EDCE2A52E73E0022FD1A /* Products */ = {
			isa = PBXGroup;
			children = (
				8EB5EDCD2A52E73E0022FD1A /* betahworld.app */,
			);
			name = Products;
			sourceTree = "<group>";
		};
		8EB5EDCF2A52E73E0022FD1A /* betahworld */ = {
			isa = PBXGroup;
			children = (
				8EB5EDD02A52E73E0022FD1A /* betahworldApp.swift */,
				8EB5EDD22A52E73E0022FD1A /* ContentView.swift */,
				8EB5EDD42A52E73F0022FD1A /* Assets.xcassets */,
				8EB5EDD62A52E73F0022FD1A /* Preview Content */,
				8EB5EDE92A52FFBA0022FD1A /* Models */,
				8EB5EDE82A52FF450022FD1A /* Views */,
			);
			path = betahworld;
			sourceTree = "<group>";
		};
		8EB5EDD62A52E73F0022FD1A /* Preview Content */ = {
			isa = PBXGroup;
			children = (
				8EB5EDD72A52E73F0022FD1A /* Preview Assets.xcassets */,
			);
			path = "Preview Content";
			sourceTree = "<group>";
		};
		8EB5EDE82A52FF450022FD1A /* Views */ = {
			isa = PBXGroup;
			children = (
				8EB5EDE02A52FE7B0022FD1A /* RoomsView.swift */,
				8EB5EDE22A52FEDB0022FD1A /* UsersView.swift */,
				8EB5EDE42A52FEFE0022FD1A /* ProfileView.swift */,
				8EB5EDE62A52FF310022FD1A /* RoomView.swift */,
				8E773D352A535AD8002CD058 /* CardView.swift */,
			);
			path = Views;
			sourceTree = "<group>";
		};
		8EB5EDE92A52FFBA0022FD1A /* Models */ = {
			isa = PBXGroup;
			children = (
				8EB5EDEA2A52FFDB0022FD1A /* Room.swift */,
			);
			path = Models;
			sourceTree = "<group>";
		};
/* End PBXGroup section */

/* Begin PBXNativeTarget section */
		8EB5EDCC2A52E73E0022FD1A /* betahworld */ = {
			isa = PBXNativeTarget;
			buildConfigurationList = 8EB5EDDB2A52E73F0022FD1A /* Build configuration list for PBXNativeTarget "betahworld" */;
			buildPhases = (
				8EB5EDC92A52E73E0022FD1A /* Sources */,
				8EB5EDCA2A52E73E0022FD1A /* Frameworks */,
				8EB5EDCB2A52E73E0022FD1A /* Resources */,
			);
			buildRules = (
			);
			dependencies = (
			);
			name = betahworld;
			productName = betahworld;
			productReference = 8EB5EDCD2A52E73E0022FD1A /* betahworld.app */;
			productType = "com.apple.product-type.application";
		};
/* End PBXNativeTarget section */

/* Begin PBXProject section */
		8EB5EDC52A52E73E0022FD1A /* Project object */ = {
			isa = PBXProject;
			attributes = {
				BuildIndependentTargetsInParallel = 1;
				LastSwiftUpdateCheck = 1500;
				LastUpgradeCheck = 1500;
				TargetAttributes = {
					8EB5EDCC2A52E73E0022FD1A = {
						CreatedOnToolsVersion = 15.0;
					};
				};
			};
			buildConfigurationList = 8EB5EDC82A52E73E0022FD1A /* Build configuration list for PBXProject "betahworld" */;
			compatibilityVersion = "Xcode 14.0";
			developmentRegion = en;
			hasScannedForEncodings = 0;
			knownRegions = (
				en,
				Base,
			);
			mainGroup = 8EB5EDC42A52E73E0022FD1A;
			productRefGroup = 8EB5EDCE2A52E73E0022FD1A /* Products */;
			projectDirPath = "";
			projectRoot = "";
			targets = (
				8EB5EDCC2A52E73E0022FD1A /* betahworld */,
			);
		};
/* End PBXProject section */

/* Begin PBXResourcesBuildPhase section */
		8EB5EDCB2A52E73E0022FD1A /* Resources */ = {
			isa = PBXResourcesBuildPhase;
			buildActionMask = 2147483647;
			files = (
				8EB5EDD82A52E73F0022FD1A /* Preview Assets.xcassets in Resources */,
				8EB5EDD52A52E73F0022FD1A /* Assets.xcassets in Resources */,
			);
			runOnlyForDeploymentPostprocessing = 0;
		};
/* End PBXResourcesBuildPhase section */

/* Begin PBXSourcesBuildPhase section */
		8EB5EDC92A52E73E0022FD1A /* Sources */ = {
			isa = PBXSourcesBuildPhase;
			buildActionMask = 2147483647;
			files = (
				8EB5EDE12A52FE7B0022FD1A /* RoomsView.swift in Sources */,
				8EB5EDD32A52E73E0022FD1A /* ContentView.swift in Sources */,
				8EB5EDEB2A52FFDB0022FD1A /* Room.swift in Sources */,
				8EB5EDE52A52FEFE0022FD1A /* ProfileView.swift in Sources */,
				8EB5EDE72A52FF310022FD1A /* RoomView.swift in Sources */,
				8EB5EDD12A52E73E0022FD1A /* betahworldApp.swift in Sources */,
				8E773D362A535AD8002CD058 /* CardView.swift in Sources */,
				8EB5EDE32A52FEDB0022FD1A /* UsersView.swift in Sources */,
			);
			runOnlyForDeploymentPostprocessing = 0;
		};
/* End PBXSourcesBuildPhase section */

/* Begin XCBuildConfiguration section */
		8EB5EDD92A52E73F0022FD1A /* Debug */ = {
			isa = XCBuildConfiguration;
			buildSettings = {
				ALWAYS_SEARCH_USER_PATHS = NO;
				ASSETCATALOG_COMPILER_GENERATE_SWIFT_ASSET_SYMBOL_EXTENSIONS = YES;
				CLANG_ANALYZER_NONNULL = YES;
				CLANG_ANALYZER_NUMBER_OBJECT_CONVERSION = YES_AGGRESSIVE;
				CLANG_CXX_LANGUAGE_STANDARD = "gnu++20";
				CLANG_ENABLE_MODULES = YES;
				CLANG_ENABLE_OBJC_ARC = YES;
				CLANG_ENABLE_OBJC_WEAK = YES;
				CLANG_WARN_BLOCK_CAPTURE_AUTORELEASING = YES;
				CLANG_WARN_BOOL_CONVERSION = YES;
				CLANG_WARN_COMMA = YES;
				CLANG_WARN_CONSTANT_CONVERSION = YES;
				CLANG_WARN_DEPRECATED_OBJC_IMPLEMENTATIONS = YES;
				CLANG_WARN_DIRECT_OBJC_ISA_USAGE = YES_ERROR;
				CLANG_WARN_DOCUMENTATION_COMMENTS = YES;
				CLANG_WARN_EMPTY_BODY = YES;
				CLANG_WARN_ENUM_CONVERSION = YES;
				CLANG_WARN_INFINITE_RECURSION = YES;
				CLANG_WARN_INT_CONVERSION = YES;
				CLANG_WARN_NON_LITERAL_NULL_CONVERSION = YES;
				CLANG_WARN_OBJC_IMPLICIT_RETAIN_SELF = YES;
				CLANG_WARN_OBJC_LITERAL_CONVERSION = YES;
				CLANG_WARN_OBJC_ROOT_CLASS = YES_ERROR;
				CLANG_WARN_QUOTED_INCLUDE_IN_FRAMEWORK_HEADER = YES;
				CLANG_WARN_RANGE_LOOP_ANALYSIS = YES;
				CLANG_WARN_STRICT_PROTOTYPES = YES;
				CLANG_WARN_SUSPICIOUS_MOVE = YES;
				CLANG_WARN_UNGUARDED_AVAILABILITY = YES_AGGRESSIVE;
				CLANG_WARN_UNREACHABLE_CODE = YES;
				CLANG_WARN__DUPLICATE_METHOD_MATCH = YES;
				COPY_PHASE_STRIP = NO;
				DEBUG_INFORMATION_FORMAT = dwarf;
				ENABLE_STRICT_OBJC_MSGSEND = YES;
				ENABLE_TESTABILITY = YES;
				ENABLE_USER_SCRIPT_SANDBOXING = YES;
				GCC_C_LANGUAGE_STANDARD = gnu17;
				GCC_DYNAMIC_NO_PIC = NO;
				GCC_NO_COMMON_BLOCKS = YES;
				GCC_OPTIMIZATION_LEVEL = 0;
				GCC_PREPROCESSOR_DEFINITIONS = (
					"DEBUG=1",
					"$(inherited)",
				);
				GCC_WARN_64_TO_32_BIT_CONVERSION = YES;
				GCC_WARN_ABOUT_RETURN_TYPE = YES_ERROR;
				GCC_WARN_UNDECLARED_SELECTOR = YES;
				GCC_WARN_UNINITIALIZED_AUTOS = YES_AGGRESSIVE;
				GCC_WARN_UNUSED_FUNCTION = YES;
				GCC_WARN_UNUSED_VARIABLE = YES;
				IPHONEOS_DEPLOYMENT_TARGET = 17.0;
				LOCALIZATION_PREFERS_STRING_CATALOGS = YES;
				MTL_ENABLE_DEBUG_INFO = INCLUDE_SOURCE;
				MTL_FAST_MATH = YES;
				ONLY_ACTIVE_ARCH = YES;
				SDKROOT = iphoneos;
				SWIFT_ACTIVE_COMPILATION_CONDITIONS = "DEBUG $(inherited)";
				SWIFT_OPTIMIZATION_LEVEL = "-Onone";
			};
			name = Debug;
		};
		8EB5EDDA2A52E73F0022FD1A /* Release */ = {
			isa = XCBuildConfiguration;
			buildSettings = {
				ALWAYS_SEARCH_USER_PATHS = NO;
				ASSETCATALOG_COMPILER_GENERATE_SWIFT_ASSET_SYMBOL_EXTENSIONS = YES;
				CLANG_ANALYZER_NONNULL = YES;
				CLANG_ANALYZER_NUMBER_OBJECT_CONVERSION = YES_AGGRESSIVE;
				CLANG_CXX_LANGUAGE_STANDARD = "gnu++20";
				CLANG_ENABLE_MODULES = YES;
				CLANG_ENABLE_OBJC_ARC = YES;
				CLANG_ENABLE_OBJC_WEAK = YES;
				CLANG_WARN_BLOCK_CAPTURE_AUTORELEASING = YES;
				CLANG_WARN_BOOL_CONVERSION = YES;
				CLANG_WARN_COMMA = YES;
				CLANG_WARN_CONSTANT_CONVERSION = YES;
				CLANG_WARN_DEPRECATED_OBJC_IMPLEMENTATIONS = YES;
				CLANG_WARN_DIRECT_OBJC_ISA_USAGE = YES_ERROR;
				CLANG_WARN_DOCUMENTATION_COMMENTS = YES;
				CLANG_WARN_EMPTY_BODY = YES;
				CLANG_WARN_ENUM_CONVERSION = YES;
				CLANG_WARN_INFINITE_RECURSION = YES;
				CLANG_WARN_INT_CONVERSION = YES;
				CLANG_WARN_NON_LITERAL_NULL_CONVERSION = YES;
				CLANG_WARN_OBJC_IMPLICIT_RETAIN_SELF = YES;
				CLANG_WARN_OBJC_LITERAL_CONVERSION = YES;
				CLANG_WARN_OBJC_ROOT_CLASS = YES_ERROR;
				CLANG_WARN_QUOTED_INCLUDE_IN_FRAMEWORK_HEADER = YES;
				CLANG_WARN_RANGE_LOOP_ANALYSIS = YES;
				CLANG_WARN_STRICT_PROTOTYPES = YES;
				CLANG_WARN_SUSPICIOUS_MOVE = YES;
				CLANG_WARN_UNGUARDED_AVAILABILITY = YES_AGGRESSIVE;
				CLANG_WARN_UNREACHABLE_CODE = YES;
				CLANG_WARN__DUPLICATE_METHOD_MATCH = YES;
				COPY_PHASE_STRIP = NO;
				DEBUG_INFORMATION_FORMAT = "dwarf-with-dsym";
				ENABLE_NS_ASSERTIONS = NO;
				ENABLE_STRICT_OBJC_MSGSEND = YES;
				ENABLE_USER_SCRIPT_SANDBOXING = YES;
				GCC_C_LANGUAGE_STANDARD = gnu17;
				GCC_NO_COMMON_BLOCKS = YES;
				GCC_WARN_64_TO_32_BIT_CONVERSION = YES;
				GCC_WARN_ABOUT_RETURN_TYPE = YES_ERROR;
				GCC_WARN_UNDECLARED_SELECTOR = YES;
				GCC_WARN_UNINITIALIZED_AUTOS = YES_AGGRESSIVE;
				GCC_WARN_UNUSED_FUNCTION = YES;
				GCC_WARN_UNUSED_VARIABLE = YES;
				IPHONEOS_DEPLOYMENT_TARGET = 17.0;
				LOCALIZATION_PREFERS_STRING_CATALOGS = YES;
				MTL_ENABLE_DEBUG_INFO = NO;
				MTL_FAST_MATH = YES;
				SDKROOT = iphoneos;
				SWIFT_COMPILATION_MODE = wholemodule;
				VALIDATE_PRODUCT = YES;
			};
			name = Release;
		};
		8EB5EDDC2A52E73F0022FD1A /* Debug */ = {
			isa = XCBuildConfiguration;
			buildSettings = {
				ASSETCATALOG_COMPILER_APPICON_NAME = AppIcon;
				ASSETCATALOG_COMPILER_GLOBAL_ACCENT_COLOR_NAME = AccentColor;
				CODE_SIGN_STYLE = Automatic;
				CURRENT_PROJECT_VERSION = 1;
				DEVELOPMENT_ASSET_PATHS = "\"betahworld/Preview Content\"";
				ENABLE_PREVIEWS = YES;
				GENERATE_INFOPLIST_FILE = YES;
				INFOPLIST_KEY_UIApplicationSceneManifest_Generation = YES;
				INFOPLIST_KEY_UIApplicationSupportsIndirectInputEvents = YES;
				INFOPLIST_KEY_UILaunchScreen_Generation = YES;
				INFOPLIST_KEY_UISupportedInterfaceOrientations_iPad = "UIInterfaceOrientationPortrait UIInterfaceOrientationPortraitUpsideDown UIInterfaceOrientationLandscapeLeft UIInterfaceOrientationLandscapeRight";
				INFOPLIST_KEY_UISupportedInterfaceOrientations_iPhone = "UIInterfaceOrientationPortrait UIInterfaceOrientationLandscapeLeft UIInterfaceOrientationLandscapeRight";
				LD_RUNPATH_SEARCH_PATHS = (
					"$(inherited)",
					"@executable_path/Frameworks",
				);
				MARKETING_VERSION = 1.0;
				PRODUCT_BUNDLE_IDENTIFIER = com.sbo.betahworld;
				PRODUCT_NAME = "$(TARGET_NAME)";
				SWIFT_EMIT_LOC_STRINGS = YES;
				SWIFT_VERSION = 5.0;
				TARGETED_DEVICE_FAMILY = "1,2";
			};
			name = Debug;
		};
		8EB5EDDD2A52E73F0022FD1A /* Release */ = {
			isa = XCBuildConfiguration;
			buildSettings = {
				ASSETCATALOG_COMPILER_APPICON_NAME = AppIcon;
				ASSETCATALOG_COMPILER_GLOBAL_ACCENT_COLOR_NAME = AccentColor;
				CODE_SIGN_STYLE = Automatic;
				CURRENT_PROJECT_VERSION = 1;
				DEVELOPMENT_ASSET_PATHS = "\"betahworld/Preview Content\"";
				ENABLE_PREVIEWS = YES;
				GENERATE_INFOPLIST_FILE = YES;
				INFOPLIST_KEY_UIApplicationSceneManifest_Generation = YES;
				INFOPLIST_KEY_UIApplicationSupportsIndirectInputEvents = YES;
				INFOPLIST_KEY_UILaunchScreen_Generation = YES;
				INFOPLIST_KEY_UISupportedInterfaceOrientations_iPad = "UIInterfaceOrientationPortrait UIInterfaceOrientationPortraitUpsideDown UIInterfaceOrientationLandscapeLeft UIInterfaceOrientationLandscapeRight";
				INFOPLIST_KEY_UISupportedInterfaceOrientations_iPhone = "UIInterfaceOrientationPortrait UIInterfaceOrientationLandscapeLeft UIInterfaceOrientationLandscapeRight";
				LD_RUNPATH_SEARCH_PATHS = (
					"$(inherited)",
					"@executable_path/Frameworks",
				);
				MARKETING_VERSION = 1.0;
				PRODUCT_BUNDLE_IDENTIFIER = com.sbo.betahworld;
				PRODUCT_NAME = "$(TARGET_NAME)";
				SWIFT_EMIT_LOC_STRINGS = YES;
				SWIFT_VERSION = 5.0;
				TARGETED_DEVICE_FAMILY = "1,2";
			};
			name = Release;
		};
/* End XCBuildConfiguration section */

/* Begin XCConfigurationList section */
		8EB5EDC82A52E73E0022FD1A /* Build configuration list for PBXProject "betahworld" */ = {
			isa = XCConfigurationList;
			buildConfigurations = (
				8EB5EDD92A52E73F0022FD1A /* Debug */,
				8EB5EDDA2A52E73F0022FD1A /* Release */,
			);
			defaultConfigurationIsVisible = 0;
			defaultConfigurationName = Release;
		};
		8EB5EDDB2A52E73F0022FD1A /* Build configuration list for PBXNativeTarget "betahworld" */ = {
			isa = XCConfigurationList;
			buildConfigurations = (
				8EB5EDDC2A52E73F0022FD1A /* Debug */,
				8EB5EDDD2A52E73F0022FD1A /* Release */,
			);
			defaultConfigurationIsVisible = 0;
			defaultConfigurationName = Release;
		};
/* End XCConfigurationList section */
	};
	rootObject = 8EB5EDC52A52E73E0022FD1A /* Project object */;
}
